// !$*UTF8*$!
{
	archiveVersion = 1;
	classes = {
	};
	objectVersion = 50;
	objects = {

/* Begin PBXBuildFile section */
		9307872B2566F5E2004E389F /* GFItemInfoView.swift in Sources */ = {isa = PBXBuildFile; fileRef = 9307872A2566F5E2004E389F /* GFItemInfoView.swift */; };
		9330057625704AA400E580A7 /* GFTabBarController.swift in Sources */ = {isa = PBXBuildFile; fileRef = 9330057525704AA400E580A7 /* GFTabBarController.swift */; };
		933005792571858500E580A7 /* GFAlertContainerView.swift in Sources */ = {isa = PBXBuildFile; fileRef = 933005782571858500E580A7 /* GFAlertContainerView.swift */; };
		9330057D2571A21800E580A7 /* GFDataLoadingVC.swift in Sources */ = {isa = PBXBuildFile; fileRef = 9330057C2571A21800E580A7 /* GFDataLoadingVC.swift */; };
		9338FC012559C85E007A0411 /* FollowerCell.swift in Sources */ = {isa = PBXBuildFile; fileRef = 9338FC002559C85E007A0411 /* FollowerCell.swift */; };
		9338FC052559C9B4007A0411 /* GFAvatarImageView.swift in Sources */ = {isa = PBXBuildFile; fileRef = 9338FC042559C9B4007A0411 /* GFAvatarImageView.swift */; };
		9338FC08255B454E007A0411 /* UIHelper.swift in Sources */ = {isa = PBXBuildFile; fileRef = 9338FC07255B454E007A0411 /* UIHelper.swift */; };
		933CF7EA25635D9C005E01FB /* UserInfoVC.swift in Sources */ = {isa = PBXBuildFile; fileRef = 933CF7E925635D9C005E01FB /* UserInfoVC.swift */; };
		9346578A25758FF600392967 /* UIView+Ext.swift in Sources */ = {isa = PBXBuildFile; fileRef = 9346578925758FF600392967 /* UIView+Ext.swift */; };
		9346578D257684DB00392967 /* UITableView+Ext.swift in Sources */ = {isa = PBXBuildFile; fileRef = 9346578C257684DB00392967 /* UITableView+Ext.swift */; };
		934931F2256C327C00DE6647 /* Date+Ext.swift in Sources */ = {isa = PBXBuildFile; fileRef = 934931F1256C327C00DE6647 /* Date+Ext.swift */; };
		9384D4DD25645C4100F36FD4 /* GFError.swift in Sources */ = {isa = PBXBuildFile; fileRef = 9384D4DC25645C4100F36FD4 /* GFError.swift */; };
		9384D4E02564711A00F36FD4 /* GFUserInfoHeaderVC.swift in Sources */ = {isa = PBXBuildFile; fileRef = 9384D4DF2564711A00F36FD4 /* GFUserInfoHeaderVC.swift */; };
		9384D4E32564718D00F36FD4 /* GFSecondaryTitleLabel.swift in Sources */ = {isa = PBXBuildFile; fileRef = 9384D4E22564718D00F36FD4 /* GFSecondaryTitleLabel.swift */; };
		9384D4E62564816E00F36FD4 /* Constants.swift in Sources */ = {isa = PBXBuildFile; fileRef = 9384D4E52564816E00F36FD4 /* Constants.swift */; };
		93A0858125684935003D365C /* GFItemInfoVC.swift in Sources */ = {isa = PBXBuildFile; fileRef = 93A0858025684935003D365C /* GFItemInfoVC.swift */; };
		93A0858425684DAA003D365C /* GFRepoItemVC.swift in Sources */ = {isa = PBXBuildFile; fileRef = 93A0858325684DAA003D365C /* GFRepoItemVC.swift */; };
		93A08587256850E2003D365C /* GFFollowerItemVC.swift in Sources */ = {isa = PBXBuildFile; fileRef = 93A08586256850E2003D365C /* GFFollowerItemVC.swift */; };
		93D102192552496E00A4CD17 /* AppDelegate.swift in Sources */ = {isa = PBXBuildFile; fileRef = 93D102182552496E00A4CD17 /* AppDelegate.swift */; };
		93D1021B2552496E00A4CD17 /* SceneDelegate.swift in Sources */ = {isa = PBXBuildFile; fileRef = 93D1021A2552496E00A4CD17 /* SceneDelegate.swift */; };
		93D102222552497100A4CD17 /* Assets.xcassets in Resources */ = {isa = PBXBuildFile; fileRef = 93D102212552497100A4CD17 /* Assets.xcassets */; };
		93D102252552497100A4CD17 /* LaunchScreen.storyboard in Resources */ = {isa = PBXBuildFile; fileRef = 93D102232552497100A4CD17 /* LaunchScreen.storyboard */; };
		93D1022F25524A3E00A4CD17 /* SearchVC.swift in Sources */ = {isa = PBXBuildFile; fileRef = 93D1022E25524A3E00A4CD17 /* SearchVC.swift */; };
		93D1023325524A6A00A4CD17 /* FavoritesListVC.swift in Sources */ = {isa = PBXBuildFile; fileRef = 93D1023225524A6A00A4CD17 /* FavoritesListVC.swift */; };
		93D10236255339BF00A4CD17 /* GFButton.swift in Sources */ = {isa = PBXBuildFile; fileRef = 93D10235255339BF00A4CD17 /* GFButton.swift */; };
		93D1023925533DB000A4CD17 /* GFTextField.swift in Sources */ = {isa = PBXBuildFile; fileRef = 93D1023825533DB000A4CD17 /* GFTextField.swift */; };
		93D1023C255483BB00A4CD17 /* FollowerListVC.swift in Sources */ = {isa = PBXBuildFile; fileRef = 93D1023B255483BB00A4CD17 /* FollowerListVC.swift */; };
		93D1023F2554956C00A4CD17 /* GFTitleLabel.swift in Sources */ = {isa = PBXBuildFile; fileRef = 93D1023E2554956C00A4CD17 /* GFTitleLabel.swift */; };
		93D102422554977D00A4CD17 /* GFBodyLabel.swift in Sources */ = {isa = PBXBuildFile; fileRef = 93D102412554977D00A4CD17 /* GFBodyLabel.swift */; };
		93D102452554983600A4CD17 /* GFAlertVC.swift in Sources */ = {isa = PBXBuildFile; fileRef = 93D102442554983600A4CD17 /* GFAlertVC.swift */; };
		93D1024C2554A30C00A4CD17 /* UIViewController+Ext.swift in Sources */ = {isa = PBXBuildFile; fileRef = 93D1024B2554A30C00A4CD17 /* UIViewController+Ext.swift */; };
		93D102572555D3D400A4CD17 /* Follower.swift in Sources */ = {isa = PBXBuildFile; fileRef = 93D102562555D3D400A4CD17 /* Follower.swift */; };
		93D1025A2555D49C00A4CD17 /* User.swift in Sources */ = {isa = PBXBuildFile; fileRef = 93D102592555D49C00A4CD17 /* User.swift */; };
		93D1025E2555D8C800A4CD17 /* NetworkManager.swift in Sources */ = {isa = PBXBuildFile; fileRef = 93D1025D2555D8C800A4CD17 /* NetworkManager.swift */; };
		93F3D21D255DCD14006AF5C1 /* GFEmptyStateView.swift in Sources */ = {isa = PBXBuildFile; fileRef = 93F3D21C255DCD14006AF5C1 /* GFEmptyStateView.swift */; };
		93FE8579256D98C4008F0526 /* PersistenceManager.swift in Sources */ = {isa = PBXBuildFile; fileRef = 93FE8578256D98C4008F0526 /* PersistenceManager.swift */; };
		93FE857C256E99C4008F0526 /* FavoriteCell.swift in Sources */ = {isa = PBXBuildFile; fileRef = 93FE857B256E99C4008F0526 /* FavoriteCell.swift */; };
/* End PBXBuildFile section */

/* Begin PBXFileReference section */
		9307872A2566F5E2004E389F /* GFItemInfoView.swift */ = {isa = PBXFileReference; lastKnownFileType = sourcecode.swift; path = GFItemInfoView.swift; sourceTree = "<group>"; };
		9330057525704AA400E580A7 /* GFTabBarController.swift */ = {isa = PBXFileReference; lastKnownFileType = sourcecode.swift; path = GFTabBarController.swift; sourceTree = "<group>"; };
		933005782571858500E580A7 /* GFAlertContainerView.swift */ = {isa = PBXFileReference; lastKnownFileType = sourcecode.swift; path = GFAlertContainerView.swift; sourceTree = "<group>"; };
		9330057C2571A21800E580A7 /* GFDataLoadingVC.swift */ = {isa = PBXFileReference; lastKnownFileType = sourcecode.swift; path = GFDataLoadingVC.swift; sourceTree = "<group>"; };
		9338FC002559C85E007A0411 /* FollowerCell.swift */ = {isa = PBXFileReference; lastKnownFileType = sourcecode.swift; path = FollowerCell.swift; sourceTree = "<group>"; };
		9338FC042559C9B4007A0411 /* GFAvatarImageView.swift */ = {isa = PBXFileReference; lastKnownFileType = sourcecode.swift; path = GFAvatarImageView.swift; sourceTree = "<group>"; };
		9338FC07255B454E007A0411 /* UIHelper.swift */ = {isa = PBXFileReference; lastKnownFileType = sourcecode.swift; path = UIHelper.swift; sourceTree = "<group>"; };
		933CF7E925635D9C005E01FB /* UserInfoVC.swift */ = {isa = PBXFileReference; lastKnownFileType = sourcecode.swift; path = UserInfoVC.swift; sourceTree = "<group>"; };
		9346578925758FF600392967 /* UIView+Ext.swift */ = {isa = PBXFileReference; lastKnownFileType = sourcecode.swift; path = "UIView+Ext.swift"; sourceTree = "<group>"; };
		9346578C257684DB00392967 /* UITableView+Ext.swift */ = {isa = PBXFileReference; lastKnownFileType = sourcecode.swift; path = "UITableView+Ext.swift"; sourceTree = "<group>"; };
		934931F1256C327C00DE6647 /* Date+Ext.swift */ = {isa = PBXFileReference; lastKnownFileType = sourcecode.swift; path = "Date+Ext.swift"; sourceTree = "<group>"; };
		9384D4DC25645C4100F36FD4 /* GFError.swift */ = {isa = PBXFileReference; lastKnownFileType = sourcecode.swift; path = GFError.swift; sourceTree = "<group>"; };
		9384D4DF2564711A00F36FD4 /* GFUserInfoHeaderVC.swift */ = {isa = PBXFileReference; lastKnownFileType = sourcecode.swift; path = GFUserInfoHeaderVC.swift; sourceTree = "<group>"; };
		9384D4E22564718D00F36FD4 /* GFSecondaryTitleLabel.swift */ = {isa = PBXFileReference; lastKnownFileType = sourcecode.swift; path = GFSecondaryTitleLabel.swift; sourceTree = "<group>"; };
		9384D4E52564816E00F36FD4 /* Constants.swift */ = {isa = PBXFileReference; lastKnownFileType = sourcecode.swift; path = Constants.swift; sourceTree = "<group>"; };
		93A0858025684935003D365C /* GFItemInfoVC.swift */ = {isa = PBXFileReference; lastKnownFileType = sourcecode.swift; path = GFItemInfoVC.swift; sourceTree = "<group>"; };
		93A0858325684DAA003D365C /* GFRepoItemVC.swift */ = {isa = PBXFileReference; lastKnownFileType = sourcecode.swift; path = GFRepoItemVC.swift; sourceTree = "<group>"; };
		93A08586256850E2003D365C /* GFFollowerItemVC.swift */ = {isa = PBXFileReference; lastKnownFileType = sourcecode.swift; path = GFFollowerItemVC.swift; sourceTree = "<group>"; };
		93D102152552496E00A4CD17 /* GithubFollowers.app */ = {isa = PBXFileReference; explicitFileType = wrapper.application; includeInIndex = 0; path = GithubFollowers.app; sourceTree = BUILT_PRODUCTS_DIR; };
		93D102182552496E00A4CD17 /* AppDelegate.swift */ = {isa = PBXFileReference; lastKnownFileType = sourcecode.swift; path = AppDelegate.swift; sourceTree = "<group>"; };
		93D1021A2552496E00A4CD17 /* SceneDelegate.swift */ = {isa = PBXFileReference; lastKnownFileType = sourcecode.swift; path = SceneDelegate.swift; sourceTree = "<group>"; };
		93D102212552497100A4CD17 /* Assets.xcassets */ = {isa = PBXFileReference; lastKnownFileType = folder.assetcatalog; path = Assets.xcassets; sourceTree = "<group>"; };
		93D102242552497100A4CD17 /* Base */ = {isa = PBXFileReference; lastKnownFileType = file.storyboard; name = Base; path = Base.lproj/LaunchScreen.storyboard; sourceTree = "<group>"; };
		93D102262552497100A4CD17 /* Info.plist */ = {isa = PBXFileReference; lastKnownFileType = text.plist.xml; path = Info.plist; sourceTree = "<group>"; };
		93D1022E25524A3E00A4CD17 /* SearchVC.swift */ = {isa = PBXFileReference; lastKnownFileType = sourcecode.swift; path = SearchVC.swift; sourceTree = "<group>"; };
		93D1023225524A6A00A4CD17 /* FavoritesListVC.swift */ = {isa = PBXFileReference; lastKnownFileType = sourcecode.swift; path = FavoritesListVC.swift; sourceTree = "<group>"; };
		93D10235255339BF00A4CD17 /* GFButton.swift */ = {isa = PBXFileReference; lastKnownFileType = sourcecode.swift; path = GFButton.swift; sourceTree = "<group>"; };
		93D1023825533DB000A4CD17 /* GFTextField.swift */ = {isa = PBXFileReference; lastKnownFileType = sourcecode.swift; path = GFTextField.swift; sourceTree = "<group>"; };
		93D1023B255483BB00A4CD17 /* FollowerListVC.swift */ = {isa = PBXFileReference; lastKnownFileType = sourcecode.swift; path = FollowerListVC.swift; sourceTree = "<group>"; };
		93D1023E2554956C00A4CD17 /* GFTitleLabel.swift */ = {isa = PBXFileReference; lastKnownFileType = sourcecode.swift; path = GFTitleLabel.swift; sourceTree = "<group>"; };
		93D102412554977D00A4CD17 /* GFBodyLabel.swift */ = {isa = PBXFileReference; lastKnownFileType = sourcecode.swift; path = GFBodyLabel.swift; sourceTree = "<group>"; };
		93D102442554983600A4CD17 /* GFAlertVC.swift */ = {isa = PBXFileReference; lastKnownFileType = sourcecode.swift; path = GFAlertVC.swift; sourceTree = "<group>"; };
		93D1024B2554A30C00A4CD17 /* UIViewController+Ext.swift */ = {isa = PBXFileReference; lastKnownFileType = sourcecode.swift; path = "UIViewController+Ext.swift"; sourceTree = "<group>"; };
		93D102562555D3D400A4CD17 /* Follower.swift */ = {isa = PBXFileReference; lastKnownFileType = sourcecode.swift; path = Follower.swift; sourceTree = "<group>"; };
		93D102592555D49C00A4CD17 /* User.swift */ = {isa = PBXFileReference; lastKnownFileType = sourcecode.swift; path = User.swift; sourceTree = "<group>"; };
		93D1025D2555D8C800A4CD17 /* NetworkManager.swift */ = {isa = PBXFileReference; lastKnownFileType = sourcecode.swift; path = NetworkManager.swift; sourceTree = "<group>"; };
		93F3D21C255DCD14006AF5C1 /* GFEmptyStateView.swift */ = {isa = PBXFileReference; lastKnownFileType = sourcecode.swift; path = GFEmptyStateView.swift; sourceTree = "<group>"; };
		93FE8578256D98C4008F0526 /* PersistenceManager.swift */ = {isa = PBXFileReference; lastKnownFileType = sourcecode.swift; path = PersistenceManager.swift; sourceTree = "<group>"; };
		93FE857B256E99C4008F0526 /* FavoriteCell.swift */ = {isa = PBXFileReference; lastKnownFileType = sourcecode.swift; path = FavoriteCell.swift; sourceTree = "<group>"; };
/* End PBXFileReference section */

/* Begin PBXFrameworksBuildPhase section */
		93D102122552496E00A4CD17 /* Frameworks */ = {
			isa = PBXFrameworksBuildPhase;
			buildActionMask = 2147483647;
			files = (
			);
			runOnlyForDeploymentPostprocessing = 0;
		};
/* End PBXFrameworksBuildPhase section */

/* Begin PBXGroup section */
		9330057425704A6A00E580A7 /* TabBarControllers */ = {
			isa = PBXGroup;
			children = (
				9330057525704AA400E580A7 /* GFTabBarController.swift */,
			);
			path = TabBarControllers;
			sourceTree = "<group>";
		};
		9338FBFF2559C830007A0411 /* Cells */ = {
			isa = PBXGroup;
			children = (
				9338FC002559C85E007A0411 /* FollowerCell.swift */,
				93FE857B256E99C4008F0526 /* FavoriteCell.swift */,
			);
			path = Cells;
			sourceTree = "<group>";
		};
		93A0858925685146003D365C /* ItemInfoVCs */ = {
			isa = PBXGroup;
			children = (
				93A0858025684935003D365C /* GFItemInfoVC.swift */,
				93A0858325684DAA003D365C /* GFRepoItemVC.swift */,
				93A08586256850E2003D365C /* GFFollowerItemVC.swift */,
			);
			path = ItemInfoVCs;
			sourceTree = "<group>";
		};
		93D1020C2552496E00A4CD17 = {
			isa = PBXGroup;
			children = (
				93D102172552496E00A4CD17 /* GithubFollowers */,
				93D102162552496E00A4CD17 /* Products */,
			);
			sourceTree = "<group>";
		};
		93D102162552496E00A4CD17 /* Products */ = {
			isa = PBXGroup;
			children = (
				93D102152552496E00A4CD17 /* GithubFollowers.app */,
			);
			name = Products;
			sourceTree = "<group>";
		};
		93D102172552496E00A4CD17 /* GithubFollowers */ = {
			isa = PBXGroup;
			children = (
				93D1026025563D4000A4CD17 /* Utilities */,
				93D1025C2555D8B400A4CD17 /* Managers */,
				93D102552555D3B900A4CD17 /* Model */,
				93D102522554E96F00A4CD17 /* Support */,
				93D102512554E91000A4CD17 /* Extensions */,
				93D102502554E8DF00A4CD17 /* Custom Views */,
				93D1024F2554E8A100A4CD17 /* Screens */,
				93D102262552497100A4CD17 /* Info.plist */,
			);
			path = GithubFollowers;
			sourceTree = "<group>";
		};
		93D1024F2554E8A100A4CD17 /* Screens */ = {
			isa = PBXGroup;
			children = (
				93D1022E25524A3E00A4CD17 /* SearchVC.swift */,
				93D1023225524A6A00A4CD17 /* FavoritesListVC.swift */,
				93D1023B255483BB00A4CD17 /* FollowerListVC.swift */,
				933CF7E925635D9C005E01FB /* UserInfoVC.swift */,
			);
			path = Screens;
			sourceTree = "<group>";
		};
		93D102502554E8DF00A4CD17 /* Custom Views */ = {
			isa = PBXGroup;
			children = (
				9330057425704A6A00E580A7 /* TabBarControllers */,
				93F3D21B255DCCCF006AF5C1 /* Labels */,
				93F3D21A255DCCB2006AF5C1 /* ViewControllers */,
				93F3D219255DCCA3006AF5C1 /* ImageViews */,
				93F3D218255DCC96006AF5C1 /* TextFields */,
				93F3D217255DCC90006AF5C1 /* Buttons */,
				93F3D216255DCC85006AF5C1 /* Views */,
				9338FBFF2559C830007A0411 /* Cells */,
			);
			path = "Custom Views";
			sourceTree = "<group>";
		};
		93D102512554E91000A4CD17 /* Extensions */ = {
			isa = PBXGroup;
			children = (
				93D1024B2554A30C00A4CD17 /* UIViewController+Ext.swift */,
				934931F1256C327C00DE6647 /* Date+Ext.swift */,
				9346578925758FF600392967 /* UIView+Ext.swift */,
				9346578C257684DB00392967 /* UITableView+Ext.swift */,
			);
			path = Extensions;
			sourceTree = "<group>";
		};
		93D102522554E96F00A4CD17 /* Support */ = {
			isa = PBXGroup;
			children = (
				93D102182552496E00A4CD17 /* AppDelegate.swift */,
				93D1021A2552496E00A4CD17 /* SceneDelegate.swift */,
				93D102212552497100A4CD17 /* Assets.xcassets */,
				93D102232552497100A4CD17 /* LaunchScreen.storyboard */,
			);
			path = Support;
			sourceTree = "<group>";
		};
		93D102552555D3B900A4CD17 /* Model */ = {
			isa = PBXGroup;
			children = (
				93D102562555D3D400A4CD17 /* Follower.swift */,
				93D102592555D49C00A4CD17 /* User.swift */,
			);
			path = Model;
			sourceTree = "<group>";
		};
		93D1025C2555D8B400A4CD17 /* Managers */ = {
			isa = PBXGroup;
			children = (
				93D1025D2555D8C800A4CD17 /* NetworkManager.swift */,
				93FE8578256D98C4008F0526 /* PersistenceManager.swift */,
			);
			path = Managers;
			sourceTree = "<group>";
		};
		93D1026025563D4000A4CD17 /* Utilities */ = {
			isa = PBXGroup;
			children = (
				9338FC07255B454E007A0411 /* UIHelper.swift */,
				9384D4DC25645C4100F36FD4 /* GFError.swift */,
				9384D4E52564816E00F36FD4 /* Constants.swift */,
			);
			path = Utilities;
			sourceTree = "<group>";
		};
		93F3D216255DCC85006AF5C1 /* Views */ = {
			isa = PBXGroup;
			children = (
				93F3D21C255DCD14006AF5C1 /* GFEmptyStateView.swift */,
				9307872A2566F5E2004E389F /* GFItemInfoView.swift */,
				933005782571858500E580A7 /* GFAlertContainerView.swift */,
			);
			path = Views;
			sourceTree = "<group>";
		};
		93F3D217255DCC90006AF5C1 /* Buttons */ = {
			isa = PBXGroup;
			children = (
				93D10235255339BF00A4CD17 /* GFButton.swift */,
			);
			path = Buttons;
			sourceTree = "<group>";
		};
		93F3D218255DCC96006AF5C1 /* TextFields */ = {
			isa = PBXGroup;
			children = (
				93D1023825533DB000A4CD17 /* GFTextField.swift */,
			);
			path = TextFields;
			sourceTree = "<group>";
		};
		93F3D219255DCCA3006AF5C1 /* ImageViews */ = {
			isa = PBXGroup;
			children = (
				9338FC042559C9B4007A0411 /* GFAvatarImageView.swift */,
			);
			path = ImageViews;
			sourceTree = "<group>";
		};
		93F3D21A255DCCB2006AF5C1 /* ViewControllers */ = {
			isa = PBXGroup;
			children = (
				93A0858925685146003D365C /* ItemInfoVCs */,
				93D102442554983600A4CD17 /* GFAlertVC.swift */,
				9384D4DF2564711A00F36FD4 /* GFUserInfoHeaderVC.swift */,
				9330057C2571A21800E580A7 /* GFDataLoadingVC.swift */,
			);
			path = ViewControllers;
			sourceTree = "<group>";
		};
		93F3D21B255DCCCF006AF5C1 /* Labels */ = {
			isa = PBXGroup;
			children = (
				93D1023E2554956C00A4CD17 /* GFTitleLabel.swift */,
				93D102412554977D00A4CD17 /* GFBodyLabel.swift */,
				9384D4E22564718D00F36FD4 /* GFSecondaryTitleLabel.swift */,
			);
			path = Labels;
			sourceTree = "<group>";
		};
/* End PBXGroup section */

/* Begin PBXNativeTarget section */
		93D102142552496E00A4CD17 /* GithubFollowers */ = {
			isa = PBXNativeTarget;
			buildConfigurationList = 93D102292552497100A4CD17 /* Build configuration list for PBXNativeTarget "GithubFollowers" */;
			buildPhases = (
				93D102112552496E00A4CD17 /* Sources */,
				93D102122552496E00A4CD17 /* Frameworks */,
				93D102132552496E00A4CD17 /* Resources */,
			);
			buildRules = (
			);
			dependencies = (
			);
			name = GithubFollowers;
			productName = GithubFollowers;
			productReference = 93D102152552496E00A4CD17 /* GithubFollowers.app */;
			productType = "com.apple.product-type.application";
		};
/* End PBXNativeTarget section */

/* Begin PBXProject section */
		93D1020D2552496E00A4CD17 /* Project object */ = {
			isa = PBXProject;
			attributes = {
				LastSwiftUpdateCheck = 1210;
				LastUpgradeCheck = 1210;
				TargetAttributes = {
					93D102142552496E00A4CD17 = {
						CreatedOnToolsVersion = 12.1;
					};
				};
			};
			buildConfigurationList = 93D102102552496E00A4CD17 /* Build configuration list for PBXProject "GithubFollowers" */;
			compatibilityVersion = "Xcode 9.3";
			developmentRegion = en;
			hasScannedForEncodings = 0;
			knownRegions = (
				en,
				Base,
			);
			mainGroup = 93D1020C2552496E00A4CD17;
			productRefGroup = 93D102162552496E00A4CD17 /* Products */;
			projectDirPath = "";
			projectRoot = "";
			targets = (
				93D102142552496E00A4CD17 /* GithubFollowers */,
			);
		};
/* End PBXProject section */

/* Begin PBXResourcesBuildPhase section */
		93D102132552496E00A4CD17 /* Resources */ = {
			isa = PBXResourcesBuildPhase;
			buildActionMask = 2147483647;
			files = (
				93D102252552497100A4CD17 /* LaunchScreen.storyboard in Resources */,
				93D102222552497100A4CD17 /* Assets.xcassets in Resources */,
			);
			runOnlyForDeploymentPostprocessing = 0;
		};
/* End PBXResourcesBuildPhase section */

/* Begin PBXSourcesBuildPhase section */
		93D102112552496E00A4CD17 /* Sources */ = {
			isa = PBXSourcesBuildPhase;
			buildActionMask = 2147483647;
			files = (
				9346578A25758FF600392967 /* UIView+Ext.swift in Sources */,
				93D1025A2555D49C00A4CD17 /* User.swift in Sources */,
				93D1023925533DB000A4CD17 /* GFTextField.swift in Sources */,
				93D1023325524A6A00A4CD17 /* FavoritesListVC.swift in Sources */,
				93D10236255339BF00A4CD17 /* GFButton.swift in Sources */,
				93D1024C2554A30C00A4CD17 /* UIViewController+Ext.swift in Sources */,
				9338FC08255B454E007A0411 /* UIHelper.swift in Sources */,
				93A0858125684935003D365C /* GFItemInfoVC.swift in Sources */,
				9384D4E62564816E00F36FD4 /* Constants.swift in Sources */,
				9338FC052559C9B4007A0411 /* GFAvatarImageView.swift in Sources */,
				93D1022F25524A3E00A4CD17 /* SearchVC.swift in Sources */,
				93D102452554983600A4CD17 /* GFAlertVC.swift in Sources */,
				93A08587256850E2003D365C /* GFFollowerItemVC.swift in Sources */,
				9307872B2566F5E2004E389F /* GFItemInfoView.swift in Sources */,
				93FE857C256E99C4008F0526 /* FavoriteCell.swift in Sources */,
				9338FC012559C85E007A0411 /* FollowerCell.swift in Sources */,
				9330057625704AA400E580A7 /* GFTabBarController.swift in Sources */,
				93D102422554977D00A4CD17 /* GFBodyLabel.swift in Sources */,
				9384D4E02564711A00F36FD4 /* GFUserInfoHeaderVC.swift in Sources */,
				9384D4DD25645C4100F36FD4 /* GFError.swift in Sources */,
				9330057D2571A21800E580A7 /* GFDataLoadingVC.swift in Sources */,
				93D102572555D3D400A4CD17 /* Follower.swift in Sources */,
				933005792571858500E580A7 /* GFAlertContainerView.swift in Sources */,
				93D1023F2554956C00A4CD17 /* GFTitleLabel.swift in Sources */,
				934931F2256C327C00DE6647 /* Date+Ext.swift in Sources */,
				93FE8579256D98C4008F0526 /* PersistenceManager.swift in Sources */,
				9384D4E32564718D00F36FD4 /* GFSecondaryTitleLabel.swift in Sources */,
				93F3D21D255DCD14006AF5C1 /* GFEmptyStateView.swift in Sources */,
				93D1025E2555D8C800A4CD17 /* NetworkManager.swift in Sources */,
				93D1023C255483BB00A4CD17 /* FollowerListVC.swift in Sources */,
				93D102192552496E00A4CD17 /* AppDelegate.swift in Sources */,
				93D1021B2552496E00A4CD17 /* SceneDelegate.swift in Sources */,
				9346578D257684DB00392967 /* UITableView+Ext.swift in Sources */,
				93A0858425684DAA003D365C /* GFRepoItemVC.swift in Sources */,
				933CF7EA25635D9C005E01FB /* UserInfoVC.swift in Sources */,
			);
			runOnlyForDeploymentPostprocessing = 0;
		};
/* End PBXSourcesBuildPhase section */

/* Begin PBXVariantGroup section */
		93D102232552497100A4CD17 /* LaunchScreen.storyboard */ = {
			isa = PBXVariantGroup;
			children = (
				93D102242552497100A4CD17 /* Base */,
			);
			name = LaunchScreen.storyboard;
			sourceTree = "<group>";
		};
/* End PBXVariantGroup section */

/* Begin XCBuildConfiguration section */
		93D102272552497100A4CD17 /* Debug */ = {
			isa = XCBuildConfiguration;
			buildSettings = {
				ALWAYS_SEARCH_USER_PATHS = NO;
				CLANG_ANALYZER_NONNULL = YES;
				CLANG_ANALYZER_NUMBER_OBJECT_CONVERSION = YES_AGGRESSIVE;
				CLANG_CXX_LANGUAGE_STANDARD = "gnu++14";
				CLANG_CXX_LIBRARY = "libc++";
				CLANG_ENABLE_MODULES = YES;
				CLANG_ENABLE_OBJC_ARC = YES;
				CLANG_ENABLE_OBJC_WEAK = YES;
				CLANG_WARN_BLOCK_CAPTURE_AUTORELEASING = YES;
				CLANG_WARN_BOOL_CONVERSION = YES;
				CLANG_WARN_COMMA = YES;
				CLANG_WARN_CONSTANT_CONVERSION = YES;
				CLANG_WARN_DEPRECATED_OBJC_IMPLEMENTATIONS = YES;
				CLANG_WARN_DIRECT_OBJC_ISA_USAGE = YES_ERROR;
				CLANG_WARN_DOCUMENTATION_COMMENTS = YES;
				CLANG_WARN_EMPTY_BODY = YES;
				CLANG_WARN_ENUM_CONVERSION = YES;
				CLANG_WARN_INFINITE_RECURSION = YES;
				CLANG_WARN_INT_CONVERSION = YES;
				CLANG_WARN_NON_LITERAL_NULL_CONVERSION = YES;
				CLANG_WARN_OBJC_IMPLICIT_RETAIN_SELF = YES;
				CLANG_WARN_OBJC_LITERAL_CONVERSION = YES;
				CLANG_WARN_OBJC_ROOT_CLASS = YES_ERROR;
				CLANG_WARN_QUOTED_INCLUDE_IN_FRAMEWORK_HEADER = YES;
				CLANG_WARN_RANGE_LOOP_ANALYSIS = YES;
				CLANG_WARN_STRICT_PROTOTYPES = YES;
				CLANG_WARN_SUSPICIOUS_MOVE = YES;
				CLANG_WARN_UNGUARDED_AVAILABILITY = YES_AGGRESSIVE;
				CLANG_WARN_UNREACHABLE_CODE = YES;
				CLANG_WARN__DUPLICATE_METHOD_MATCH = YES;
				COPY_PHASE_STRIP = NO;
				DEBUG_INFORMATION_FORMAT = dwarf;
				ENABLE_STRICT_OBJC_MSGSEND = YES;
				ENABLE_TESTABILITY = YES;
				GCC_C_LANGUAGE_STANDARD = gnu11;
				GCC_DYNAMIC_NO_PIC = NO;
				GCC_NO_COMMON_BLOCKS = YES;
				GCC_OPTIMIZATION_LEVEL = 0;
				GCC_PREPROCESSOR_DEFINITIONS = (
					"DEBUG=1",
					"$(inherited)",
				);
				GCC_WARN_64_TO_32_BIT_CONVERSION = YES;
				GCC_WARN_ABOUT_RETURN_TYPE = YES_ERROR;
				GCC_WARN_UNDECLARED_SELECTOR = YES;
				GCC_WARN_UNINITIALIZED_AUTOS = YES_AGGRESSIVE;
				GCC_WARN_UNUSED_FUNCTION = YES;
				GCC_WARN_UNUSED_VARIABLE = YES;
				IPHONEOS_DEPLOYMENT_TARGET = 14.1;
				MTL_ENABLE_DEBUG_INFO = INCLUDE_SOURCE;
				MTL_FAST_MATH = YES;
				ONLY_ACTIVE_ARCH = YES;
				SDKROOT = iphoneos;
				SWIFT_ACTIVE_COMPILATION_CONDITIONS = DEBUG;
				SWIFT_OPTIMIZATION_LEVEL = "-Onone";
			};
			name = Debug;
		};
		93D102282552497100A4CD17 /* Release */ = {
			isa = XCBuildConfiguration;
			buildSettings = {
				ALWAYS_SEARCH_USER_PATHS = NO;
				CLANG_ANALYZER_NONNULL = YES;
				CLANG_ANALYZER_NUMBER_OBJECT_CONVERSION = YES_AGGRESSIVE;
				CLANG_CXX_LANGUAGE_STANDARD = "gnu++14";
				CLANG_CXX_LIBRARY = "libc++";
				CLANG_ENABLE_MODULES = YES;
				CLANG_ENABLE_OBJC_ARC = YES;
				CLANG_ENABLE_OBJC_WEAK = YES;
				CLANG_WARN_BLOCK_CAPTURE_AUTORELEASING = YES;
				CLANG_WARN_BOOL_CONVERSION = YES;
				CLANG_WARN_COMMA = YES;
				CLANG_WARN_CONSTANT_CONVERSION = YES;
				CLANG_WARN_DEPRECATED_OBJC_IMPLEMENTATIONS = YES;
				CLANG_WARN_DIRECT_OBJC_ISA_USAGE = YES_ERROR;
				CLANG_WARN_DOCUMENTATION_COMMENTS = YES;
				CLANG_WARN_EMPTY_BODY = YES;
				CLANG_WARN_ENUM_CONVERSION = YES;
				CLANG_WARN_INFINITE_RECURSION = YES;
				CLANG_WARN_INT_CONVERSION = YES;
				CLANG_WARN_NON_LITERAL_NULL_CONVERSION = YES;
				CLANG_WARN_OBJC_IMPLICIT_RETAIN_SELF = YES;
				CLANG_WARN_OBJC_LITERAL_CONVERSION = YES;
				CLANG_WARN_OBJC_ROOT_CLASS = YES_ERROR;
				CLANG_WARN_QUOTED_INCLUDE_IN_FRAMEWORK_HEADER = YES;
				CLANG_WARN_RANGE_LOOP_ANALYSIS = YES;
				CLANG_WARN_STRICT_PROTOTYPES = YES;
				CLANG_WARN_SUSPICIOUS_MOVE = YES;
				CLANG_WARN_UNGUARDED_AVAILABILITY = YES_AGGRESSIVE;
				CLANG_WARN_UNREACHABLE_CODE = YES;
				CLANG_WARN__DUPLICATE_METHOD_MATCH = YES;
				COPY_PHASE_STRIP = NO;
				DEBUG_INFORMATION_FORMAT = "dwarf-with-dsym";
				ENABLE_NS_ASSERTIONS = NO;
				ENABLE_STRICT_OBJC_MSGSEND = YES;
				GCC_C_LANGUAGE_STANDARD = gnu11;
				GCC_NO_COMMON_BLOCKS = YES;
				GCC_WARN_64_TO_32_BIT_CONVERSION = YES;
				GCC_WARN_ABOUT_RETURN_TYPE = YES_ERROR;
				GCC_WARN_UNDECLARED_SELECTOR = YES;
				GCC_WARN_UNINITIALIZED_AUTOS = YES_AGGRESSIVE;
				GCC_WARN_UNUSED_FUNCTION = YES;
				GCC_WARN_UNUSED_VARIABLE = YES;
				IPHONEOS_DEPLOYMENT_TARGET = 14.1;
				MTL_ENABLE_DEBUG_INFO = NO;
				MTL_FAST_MATH = YES;
				SDKROOT = iphoneos;
				SWIFT_COMPILATION_MODE = wholemodule;
				SWIFT_OPTIMIZATION_LEVEL = "-O";
				VALIDATE_PRODUCT = YES;
			};
			name = Release;
		};
		93D1022A2552497100A4CD17 /* Debug */ = {
			isa = XCBuildConfiguration;
			buildSettings = {
				ASSETCATALOG_COMPILER_APPICON_NAME = AppIcon;
				ASSETCATALOG_COMPILER_GLOBAL_ACCENT_COLOR_NAME = AccentColor;
				CODE_SIGN_STYLE = Automatic;
				DEVELOPMENT_TEAM = UW22KRKA6S;
				INFOPLIST_FILE = GithubFollowers/Info.plist;
				LD_RUNPATH_SEARCH_PATHS = (
					"$(inherited)",
					"@executable_path/Frameworks",
				);
				PRODUCT_BUNDLE_IDENTIFIER = com.gustavotiecker.GithubFollowers;
				PRODUCT_NAME = "$(TARGET_NAME)";
				SWIFT_VERSION = 5.0;
				TARGETED_DEVICE_FAMILY = 1;
			};
			name = Debug;
		};
		93D1022B2552497100A4CD17 /* Release */ = {
			isa = XCBuildConfiguration;
			buildSettings = {
				ASSETCATALOG_COMPILER_APPICON_NAME = AppIcon;
				ASSETCATALOG_COMPILER_GLOBAL_ACCENT_COLOR_NAME = AccentColor;
				CODE_SIGN_STYLE = Automatic;
				DEVELOPMENT_TEAM = UW22KRKA6S;
				INFOPLIST_FILE = GithubFollowers/Info.plist;
				LD_RUNPATH_SEARCH_PATHS = (
					"$(inherited)",
					"@executable_path/Frameworks",
				);
				PRODUCT_BUNDLE_IDENTIFIER = com.gustavotiecker.GithubFollowers;
				PRODUCT_NAME = "$(TARGET_NAME)";
				SWIFT_VERSION = 5.0;
				TARGETED_DEVICE_FAMILY = 1;
			};
			name = Release;
		};
/* End XCBuildConfiguration section */

/* Begin XCConfigurationList section */
		93D102102552496E00A4CD17 /* Build configuration list for PBXProject "GithubFollowers" */ = {
			isa = XCConfigurationList;
			buildConfigurations = (
				93D102272552497100A4CD17 /* Debug */,
				93D102282552497100A4CD17 /* Release */,
			);
			defaultConfigurationIsVisible = 0;
			defaultConfigurationName = Release;
		};
		93D102292552497100A4CD17 /* Build configuration list for PBXNativeTarget "GithubFollowers" */ = {
			isa = XCConfigurationList;
			buildConfigurations = (
				93D1022A2552497100A4CD17 /* Debug */,
				93D1022B2552497100A4CD17 /* Release */,
			);
			defaultConfigurationIsVisible = 0;
			defaultConfigurationName = Release;
		};
/* End XCConfigurationList section */
	};
	rootObject = 93D1020D2552496E00A4CD17 /* Project object */;
}
